
Microsoft Visual Studio Solution File, Format Version 12.00
# Visual Studio Version 17
VisualStudioVersion = 17.10.35013.160
MinimumVisualStudioVersion = 10.0.40219.1
Project("{9A19103F-16F7-4668-BE54-9A1E7A4F7556}") = "WebApplication1", "WebApplication1\WebApplication1.csproj", "{07C16E01-568D-4802-8420-0151A13FB07C}"
EndProject
Project("{9A19103F-16F7-4668-BE54-9A1E7A4F7556}") = "FrontToBack1", "FrontToBack1\FrontToBack1.csproj", "{7B6BEC02-032D-47A1-B104-64D2F8ACD2B5}"
EndProject
Project("{9A19103F-16F7-4668-BE54-9A1E7A4F7556}") = "EntityFrameworkIntro", "EntityFrameworkIntro\EntityFrameworkIntro.csproj", "{21394BA8-DBFB-49EC-A6ED-C2A4A230FB0D}"
EndProject
Project("{FAE04EC0-301F-11D3-BF4B-00C04F79EFBC}") = "TaskFrontToBack", "TaskFrontToBack\TaskFrontToBack.csproj", "{C6E830D6-8FC6-4DFF-92AD-27DA4C9A833B}"
EndProject
Global
	GlobalSection(SolutionConfigurationPlatforms) = preSolution
		Debug|Any CPU = Debug|Any CPU
		Release|Any CPU = Release|Any CPU
	EndGlobalSection
	GlobalSection(ProjectConfigurationPlatforms) = postSolution
		{07C16E01-568D-4802-8420-0151A13FB07C}.Debug|Any CPU.ActiveCfg = Debug|Any CPU
		{07C16E01-568D-4802-8420-0151A13FB07C}.Debug|Any CPU.Build.0 = Debug|Any CPU
		{07C16E01-568D-4802-8420-0151A13FB07C}.Release|Any CPU.ActiveCfg = Release|Any CPU
		{07C16E01-568D-4802-8420-0151A13FB07C}.Release|Any CPU.Build.0 = Release|Any CPU
		{7B6BEC02-032D-47A1-B104-64D2F8ACD2B5}.Debug|Any CPU.ActiveCfg = Debug|Any CPU
		{7B6BEC02-032D-47A1-B104-64D2F8ACD2B5}.Debug|Any CPU.Build.0 = Debug|Any CPU
		{7B6BEC02-032D-47A1-B104-64D2F8ACD2B5}.Release|Any CPU.ActiveCfg = Release|Any CPU
		{7B6BEC02-032D-47A1-B104-64D2F8ACD2B5}.Release|Any CPU.Build.0 = Release|Any CPU
		{21394BA8-DBFB-49EC-A6ED-C2A4A230FB0D}.Debug|Any CPU.ActiveCfg = Debug|Any CPU
		{21394BA8-DBFB-49EC-A6ED-C2A4A230FB0D}.Debug|Any CPU.Build.0 = Debug|Any CPU
		{21394BA8-DBFB-49EC-A6ED-C2A4A230FB0D}.Release|Any CPU.ActiveCfg = Release|Any CPU
		{21394BA8-DBFB-49EC-A6ED-C2A4A230FB0D}.Release|Any CPU.Build.0 = Release|Any CPU
		{C6E830D6-8FC6-4DFF-92AD-27DA4C9A833B}.Debug|Any CPU.ActiveCfg = Debug|Any CPU
		{C6E830D6-8FC6-4DFF-92AD-27DA4C9A833B}.Debug|Any CPU.Build.0 = Debug|Any CPU
		{C6E830D6-8FC6-4DFF-92AD-27DA4C9A833B}.Release|Any CPU.ActiveCfg = Release|Any CPU
		{C6E830D6-8FC6-4DFF-92AD-27DA4C9A833B}.Release|Any CPU.Build.0 = Release|Any CPU
	EndGlobalSection
	GlobalSection(SolutionProperties) = preSolution
		HideSolutionNode = FALSE
	EndGlobalSection
	GlobalSection(ExtensibilityGlobals) = postSolution
		SolutionGuid = {3339F71B-F5C3-445E-9116-B2427AC51509}
	EndGlobalSection
EndGlobal
